# THIS IS AN AUTOGENERATED FILE. DO NOT EDIT THIS FILE DIRECTLY.
# yarn lockfile v1


validate.js@^0.13.1:
  version "0.13.1"
  resolved "https://registry.yarnpkg.com/validate.js/-/validate.js-0.13.1.tgz#b58bfac04a0f600a340f62e5227e70d95971e92a"
  integrity sha512-PnFM3xiZ+kYmLyTiMgTYmU7ZHkjBZz2/+F0DaALc/uUtVzdCt1wAosvYJ5hFQi/hz8O4zb52FQhHZRC+uVkJ+g==
